PODS:
  - boost-for-react-native (1.63.0)
  - DoubleConversion (1.1.6)
  - FBLazyVector (0.63.0)
  - FBReactNativeSpec (0.63.0):
    - Folly (= 2020.01.13.00)
    - RCTRequired (= 0.63.0)
    - RCTTypeSafety (= 0.63.0)
    - React-Core (= 0.63.0)
    - React-jsi (= 0.63.0)
    - ReactCommon/turbomodule/core (= 0.63.0)
  - Folly (2020.01.13.00):
    - boost-for-react-native
    - DoubleConversion
    - Folly/Default (= 2020.01.13.00)
    - glog
  - Folly/Default (2020.01.13.00):
    - boost-for-react-native
    - DoubleConversion
    - glog
  - glog (0.3.5)
  - Google-Maps-iOS-Utils (2.1.0):
    - Google-Maps-iOS-Utils/Clustering (= 2.1.0)
    - Google-Maps-iOS-Utils/Geometry (= 2.1.0)
    - Google-Maps-iOS-Utils/Heatmap (= 2.1.0)
    - Google-Maps-iOS-Utils/QuadTree (= 2.1.0)
    - GoogleMaps
  - Google-Maps-iOS-Utils/Clustering (2.1.0):
    - Google-Maps-iOS-Utils/QuadTree
    - GoogleMaps
  - Google-Maps-iOS-Utils/Geometry (2.1.0):
    - GoogleMaps
  - Google-Maps-iOS-Utils/Heatmap (2.1.0):
    - Google-Maps-iOS-Utils/QuadTree
    - GoogleMaps
  - Google-Maps-iOS-Utils/QuadTree (2.1.0):
    - GoogleMaps
  - GoogleMaps (3.5.0):
    - GoogleMaps/Maps (= 3.5.0)
  - GoogleMaps/Base (3.5.0)
  - GoogleMaps/Maps (3.5.0):
    - GoogleMaps/Base
  - Permission-Camera (2.2.1):
    - RNPermissions
  - Permission-LocationWhenInUse (2.2.1):
    - RNPermissions
  - Permission-Microphone (2.2.1):
    - RNPermissions
  - Permission-Notifications (2.2.1):
    - RNPermissions
  - Permission-PhotoLibrary (2.2.1):
    - RNPermissions
  - RCTRequired (0.63.0)
  - RCTTypeSafety (0.63.0):
    - FBLazyVector (= 0.63.0)
    - Folly (= 2020.01.13.00)
    - RCTRequired (= 0.63.0)
    - React-Core (= 0.63.0)
  - React (0.63.0):
    - React-Core (= 0.63.0)
    - React-Core/DevSupport (= 0.63.0)
    - React-Core/RCTWebSocket (= 0.63.0)
    - React-RCTActionSheet (= 0.63.0)
    - React-RCTAnimation (= 0.63.0)
    - React-RCTBlob (= 0.63.0)
    - React-RCTImage (= 0.63.0)
    - React-RCTLinking (= 0.63.0)
    - React-RCTNetwork (= 0.63.0)
    - React-RCTSettings (= 0.63.0)
    - React-RCTText (= 0.63.0)
    - React-RCTVibration (= 0.63.0)
  - React-callinvoker (0.63.0)
  - React-Core (0.63.0):
    - Folly (= 2020.01.13.00)
    - glog
    - React-Core/Default (= 0.63.0)
    - React-cxxreact (= 0.63.0)
    - React-jsi (= 0.63.0)
    - React-jsiexecutor (= 0.63.0)
    - Yoga
  - React-Core/CoreModulesHeaders (0.63.0):
    - Folly (= 2020.01.13.00)
    - glog
    - React-Core/Default
    - React-cxxreact (= 0.63.0)
    - React-jsi (= 0.63.0)
    - React-jsiexecutor (= 0.63.0)
    - Yoga
  - React-Core/Default (0.63.0):
    - Folly (= 2020.01.13.00)
    - glog
    - React-cxxreact (= 0.63.0)
    - React-jsi (= 0.63.0)
    - React-jsiexecutor (= 0.63.0)
    - Yoga
  - React-Core/DevSupport (0.63.0):
    - Folly (= 2020.01.13.00)
    - glog
    - React-Core/Default (= 0.63.0)
    - React-Core/RCTWebSocket (= 0.63.0)
    - React-cxxreact (= 0.63.0)
    - React-jsi (= 0.63.0)
    - React-jsiexecutor (= 0.63.0)
    - React-jsinspector (= 0.63.0)
    - Yoga
  - React-Core/RCTActionSheetHeaders (0.63.0):
    - Folly (= 2020.01.13.00)
    - glog
    - React-Core/Default
    - React-cxxreact (= 0.63.0)
    - React-jsi (= 0.63.0)
    - React-jsiexecutor (= 0.63.0)
    - Yoga
  - React-Core/RCTAnimationHeaders (0.63.0):
    - Folly (= 2020.01.13.00)
    - glog
    - React-Core/Default
    - React-cxxreact (= 0.63.0)
    - React-jsi (= 0.63.0)
    - React-jsiexecutor (= 0.63.0)
    - Yoga
  - React-Core/RCTBlobHeaders (0.63.0):
    - Folly (= 2020.01.13.00)
    - glog
    - React-Core/Default
    - React-cxxreact (= 0.63.0)
    - React-jsi (= 0.63.0)
    - React-jsiexecutor (= 0.63.0)
    - Yoga
  - React-Core/RCTImageHeaders (0.63.0):
    - Folly (= 2020.01.13.00)
    - glog
    - React-Core/Default
    - React-cxxreact (= 0.63.0)
    - React-jsi (= 0.63.0)
    - React-jsiexecutor (= 0.63.0)
    - Yoga
  - React-Core/RCTLinkingHeaders (0.63.0):
    - Folly (= 2020.01.13.00)
    - glog
    - React-Core/Default
    - React-cxxreact (= 0.63.0)
    - React-jsi (= 0.63.0)
    - React-jsiexecutor (= 0.63.0)
    - Yoga
  - React-Core/RCTNetworkHeaders (0.63.0):
    - Folly (= 2020.01.13.00)
    - glog
    - React-Core/Default
    - React-cxxreact (= 0.63.0)
    - React-jsi (= 0.63.0)
    - React-jsiexecutor (= 0.63.0)
    - Yoga
  - React-Core/RCTSettingsHeaders (0.63.0):
    - Folly (= 2020.01.13.00)
    - glog
    - React-Core/Default
    - React-cxxreact (= 0.63.0)
    - React-jsi (= 0.63.0)
    - React-jsiexecutor (= 0.63.0)
    - Yoga
  - React-Core/RCTTextHeaders (0.63.0):
    - Folly (= 2020.01.13.00)
    - glog
    - React-Core/Default
    - React-cxxreact (= 0.63.0)
    - React-jsi (= 0.63.0)
    - React-jsiexecutor (= 0.63.0)
    - Yoga
  - React-Core/RCTVibrationHeaders (0.63.0):
    - Folly (= 2020.01.13.00)
    - glog
    - React-Core/Default
    - React-cxxreact (= 0.63.0)
    - React-jsi (= 0.63.0)
    - React-jsiexecutor (= 0.63.0)
    - Yoga
  - React-Core/RCTWebSocket (0.63.0):
    - Folly (= 2020.01.13.00)
    - glog
    - React-Core/Default (= 0.63.0)
    - React-cxxreact (= 0.63.0)
    - React-jsi (= 0.63.0)
    - React-jsiexecutor (= 0.63.0)
    - Yoga
  - React-CoreModules (0.63.0):
    - FBReactNativeSpec (= 0.63.0)
    - Folly (= 2020.01.13.00)
    - RCTTypeSafety (= 0.63.0)
    - React-Core/CoreModulesHeaders (= 0.63.0)
    - React-jsi (= 0.63.0)
    - React-RCTImage (= 0.63.0)
    - ReactCommon/turbomodule/core (= 0.63.0)
  - React-cxxreact (0.63.0):
    - boost-for-react-native (= 1.63.0)
    - DoubleConversion
    - Folly (= 2020.01.13.00)
    - glog
    - React-callinvoker (= 0.63.0)
    - React-jsinspector (= 0.63.0)
  - React-jsi (0.63.0):
    - boost-for-react-native (= 1.63.0)
    - DoubleConversion
    - Folly (= 2020.01.13.00)
    - glog
    - React-jsi/Default (= 0.63.0)
  - React-jsi/Default (0.63.0):
    - boost-for-react-native (= 1.63.0)
    - DoubleConversion
    - Folly (= 2020.01.13.00)
    - glog
  - React-jsiexecutor (0.63.0):
    - DoubleConversion
    - Folly (= 2020.01.13.00)
    - glog
    - React-cxxreact (= 0.63.0)
    - React-jsi (= 0.63.0)
  - React-jsinspector (0.63.0)
  - react-native-camera (3.40.0):
    - React-Core
    - react-native-camera/RCT (= 3.40.0)
    - react-native-camera/RN (= 3.40.0)
  - react-native-camera/RCT (3.40.0):
    - React-Core
  - react-native-camera/RN (3.40.0):
    - React-Core
  - react-native-geolocation (2.0.2):
    - React
  - react-native-google-maps (0.27.1):
    - Google-Maps-iOS-Utils (= 2.1.0)
    - GoogleMaps (= 3.5.0)
    - React
  - react-native-image-picker (2.3.4):
    - React-Core
  - react-native-maps (0.27.1):
    - React
  - react-native-safe-area-context (0.7.3):
    - React
  - React-RCTActionSheet (0.63.0):
    - React-Core/RCTActionSheetHeaders (= 0.63.0)
  - React-RCTAnimation (0.63.0):
    - FBReactNativeSpec (= 0.63.0)
    - Folly (= 2020.01.13.00)
    - RCTTypeSafety (= 0.63.0)
    - React-Core/RCTAnimationHeaders (= 0.63.0)
    - React-jsi (= 0.63.0)
    - ReactCommon/turbomodule/core (= 0.63.0)
  - React-RCTBlob (0.63.0):
    - FBReactNativeSpec (= 0.63.0)
    - Folly (= 2020.01.13.00)
    - React-Core/RCTBlobHeaders (= 0.63.0)
    - React-Core/RCTWebSocket (= 0.63.0)
    - React-jsi (= 0.63.0)
    - React-RCTNetwork (= 0.63.0)
    - ReactCommon/turbomodule/core (= 0.63.0)
  - React-RCTImage (0.63.0):
    - FBReactNativeSpec (= 0.63.0)
    - Folly (= 2020.01.13.00)
    - RCTTypeSafety (= 0.63.0)
    - React-Core/RCTImageHeaders (= 0.63.0)
    - React-jsi (= 0.63.0)
    - React-RCTNetwork (= 0.63.0)
    - ReactCommon/turbomodule/core (= 0.63.0)
  - React-RCTLinking (0.63.0):
    - FBReactNativeSpec (= 0.63.0)
    - React-Core/RCTLinkingHeaders (= 0.63.0)
    - React-jsi (= 0.63.0)
    - ReactCommon/turbomodule/core (= 0.63.0)
  - React-RCTNetwork (0.63.0):
    - FBReactNativeSpec (= 0.63.0)
    - Folly (= 2020.01.13.00)
    - RCTTypeSafety (= 0.63.0)
    - React-Core/RCTNetworkHeaders (= 0.63.0)
    - React-jsi (= 0.63.0)
    - ReactCommon/turbomodule/core (= 0.63.0)
  - React-RCTSettings (0.63.0):
    - FBReactNativeSpec (= 0.63.0)
    - Folly (= 2020.01.13.00)
    - RCTTypeSafety (= 0.63.0)
    - React-Core/RCTSettingsHeaders (= 0.63.0)
    - React-jsi (= 0.63.0)
    - ReactCommon/turbomodule/core (= 0.63.0)
  - React-RCTText (0.63.0):
    - React-Core/RCTTextHeaders (= 0.63.0)
  - React-RCTVibration (0.63.0):
    - FBReactNativeSpec (= 0.63.0)
    - Folly (= 2020.01.13.00)
    - React-Core/RCTVibrationHeaders (= 0.63.0)
    - React-jsi (= 0.63.0)
    - ReactCommon/turbomodule/core (= 0.63.0)
  - ReactCommon/turbomodule/core (0.63.0):
    - DoubleConversion
    - Folly (= 2020.01.13.00)
    - glog
    - React-callinvoker (= 0.63.0)
    - React-Core (= 0.63.0)
    - React-cxxreact (= 0.63.0)
    - React-jsi (= 0.63.0)
  - RNCAsyncStorage (1.12.0):
    - React
  - RNCMaskedView (0.1.10):
    - React
  - RNCPicker (1.8.0):
    - React-Core
  - RNDateTimePicker (2.6.2):
    - React
  - RNGestureHandler (1.8.0):
    - React
  - RNPermissions (2.2.1):
    - React-Core
  - RNReanimated (1.13.1):
    - React
  - RNScreens (2.11.0):
    - React
  - RNSVG (12.1.0):
    - React
  - RNVectorIcons (7.1.0):
    - React
  - toolbar-android (0.1.0-rc.2):
    - React
  - Yoga (1.14.0)

DEPENDENCIES:
  - DoubleConversion (from `../node_modules/react-native/third-party-podspecs/DoubleConversion.podspec`)
  - FBLazyVector (from `../node_modules/react-native/Libraries/FBLazyVector`)
  - FBReactNativeSpec (from `../node_modules/react-native/Libraries/FBReactNativeSpec`)
  - Folly (from `../node_modules/react-native/third-party-podspecs/Folly.podspec`)
  - glog (from `../node_modules/react-native/third-party-podspecs/glog.podspec`)
  - Google-Maps-iOS-Utils
  - GoogleMaps
  - Permission-Camera (from `../node_modules/react-native-permissions/ios/Camera.podspec`)
  - Permission-LocationWhenInUse (from `../node_modules/react-native-permissions/ios/LocationWhenInUse.podspec`)
  - Permission-Microphone (from `../node_modules/react-native-permissions/ios/Microphone.podspec`)
  - Permission-Notifications (from `../node_modules/react-native-permissions/ios/Notifications.podspec`)
  - Permission-PhotoLibrary (from `../node_modules/react-native-permissions/ios/PhotoLibrary.podspec`)
  - RCTRequired (from `../node_modules/react-native/Libraries/RCTRequired`)
  - RCTTypeSafety (from `../node_modules/react-native/Libraries/TypeSafety`)
  - React (from `../node_modules/react-native/`)
  - React-callinvoker (from `../node_modules/react-native/ReactCommon/callinvoker`)
  - React-Core (from `../node_modules/react-native/`)
  - React-Core/DevSupport (from `../node_modules/react-native/`)
  - React-Core/RCTWebSocket (from `../node_modules/react-native/`)
  - React-CoreModules (from `../node_modules/react-native/React/CoreModules`)
  - React-cxxreact (from `../node_modules/react-native/ReactCommon/cxxreact`)
  - React-jsi (from `../node_modules/react-native/ReactCommon/jsi`)
  - React-jsiexecutor (from `../node_modules/react-native/ReactCommon/jsiexecutor`)
  - React-jsinspector (from `../node_modules/react-native/ReactCommon/jsinspector`)
  - react-native-camera (from `../node_modules/react-native-camera`)
  - "react-native-geolocation (from `../node_modules/@react-native-community/geolocation`)"
  - react-native-google-maps (from `../node_modules/react-native-maps`)
  - react-native-image-picker (from `../node_modules/react-native-image-picker`)
  - react-native-maps (from `../node_modules/react-native-maps`)
  - react-native-safe-area-context (from `../node_modules/react-native-safe-area-context`)
  - React-RCTActionSheet (from `../node_modules/react-native/Libraries/ActionSheetIOS`)
  - React-RCTAnimation (from `../node_modules/react-native/Libraries/NativeAnimation`)
  - React-RCTBlob (from `../node_modules/react-native/Libraries/Blob`)
  - React-RCTImage (from `../node_modules/react-native/Libraries/Image`)
  - React-RCTLinking (from `../node_modules/react-native/Libraries/LinkingIOS`)
  - React-RCTNetwork (from `../node_modules/react-native/Libraries/Network`)
  - React-RCTSettings (from `../node_modules/react-native/Libraries/Settings`)
  - React-RCTText (from `../node_modules/react-native/Libraries/Text`)
  - React-RCTVibration (from `../node_modules/react-native/Libraries/Vibration`)
  - ReactCommon/turbomodule/core (from `../node_modules/react-native/ReactCommon`)
  - "RNCAsyncStorage (from `../node_modules/@react-native-community/async-storage`)"
  - "RNCMaskedView (from `../node_modules/@react-native-community/masked-view`)"
  - "RNCPicker (from `../node_modules/@react-native-community/picker`)"
  - "RNDateTimePicker (from `../node_modules/@react-native-community/datetimepicker`)"
  - RNGestureHandler (from `../node_modules/react-native-gesture-handler`)
  - RNPermissions (from `../node_modules/react-native-permissions`)
  - RNReanimated (from `../node_modules/react-native-reanimated`)
  - RNScreens (from `../node_modules/react-native-screens`)
  - RNSVG (from `../node_modules/react-native-svg`)
  - RNVectorIcons (from `../node_modules/react-native-vector-icons`)
  - "toolbar-android (from `../node_modules/@react-native-community/toolbar-android`)"
  - Yoga (from `../node_modules/react-native/ReactCommon/yoga`)

SPEC REPOS:
  trunk:
    - boost-for-react-native
    - Google-Maps-iOS-Utils
    - GoogleMaps

EXTERNAL SOURCES:
  DoubleConversion:
    :podspec: "../node_modules/react-native/third-party-podspecs/DoubleConversion.podspec"
  FBLazyVector:
    :path: "../node_modules/react-native/Libraries/FBLazyVector"
  FBReactNativeSpec:
    :path: "../node_modules/react-native/Libraries/FBReactNativeSpec"
  Folly:
    :podspec: "../node_modules/react-native/third-party-podspecs/Folly.podspec"
  glog:
    :podspec: "../node_modules/react-native/third-party-podspecs/glog.podspec"
  Permission-Camera:
    :path: "../node_modules/react-native-permissions/ios/Camera.podspec"
  Permission-LocationWhenInUse:
    :path: "../node_modules/react-native-permissions/ios/LocationWhenInUse.podspec"
  Permission-Microphone:
    :path: "../node_modules/react-native-permissions/ios/Microphone.podspec"
  Permission-Notifications:
    :path: "../node_modules/react-native-permissions/ios/Notifications.podspec"
  Permission-PhotoLibrary:
    :path: "../node_modules/react-native-permissions/ios/PhotoLibrary.podspec"
  RCTRequired:
    :path: "../node_modules/react-native/Libraries/RCTRequired"
  RCTTypeSafety:
    :path: "../node_modules/react-native/Libraries/TypeSafety"
  React:
    :path: "../node_modules/react-native/"
  React-callinvoker:
    :path: "../node_modules/react-native/ReactCommon/callinvoker"
  React-Core:
    :path: "../node_modules/react-native/"
  React-CoreModules:
    :path: "../node_modules/react-native/React/CoreModules"
  React-cxxreact:
    :path: "../node_modules/react-native/ReactCommon/cxxreact"
  React-jsi:
    :path: "../node_modules/react-native/ReactCommon/jsi"
  React-jsiexecutor:
    :path: "../node_modules/react-native/ReactCommon/jsiexecutor"
  React-jsinspector:
    :path: "../node_modules/react-native/ReactCommon/jsinspector"
  react-native-camera:
    :path: "../node_modules/react-native-camera"
  react-native-geolocation:
    :path: "../node_modules/@react-native-community/geolocation"
  react-native-google-maps:
    :path: "../node_modules/react-native-maps"
  react-native-image-picker:
    :path: "../node_modules/react-native-image-picker"
  react-native-maps:
    :path: "../node_modules/react-native-maps"
  react-native-safe-area-context:
    :path: "../node_modules/react-native-safe-area-context"
  React-RCTActionSheet:
    :path: "../node_modules/react-native/Libraries/ActionSheetIOS"
  React-RCTAnimation:
    :path: "../node_modules/react-native/Libraries/NativeAnimation"
  React-RCTBlob:
    :path: "../node_modules/react-native/Libraries/Blob"
  React-RCTImage:
    :path: "../node_modules/react-native/Libraries/Image"
  React-RCTLinking:
    :path: "../node_modules/react-native/Libraries/LinkingIOS"
  React-RCTNetwork:
    :path: "../node_modules/react-native/Libraries/Network"
  React-RCTSettings:
    :path: "../node_modules/react-native/Libraries/Settings"
  React-RCTText:
    :path: "../node_modules/react-native/Libraries/Text"
  React-RCTVibration:
    :path: "../node_modules/react-native/Libraries/Vibration"
  ReactCommon:
    :path: "../node_modules/react-native/ReactCommon"
  RNCAsyncStorage:
    :path: "../node_modules/@react-native-community/async-storage"
  RNCMaskedView:
    :path: "../node_modules/@react-native-community/masked-view"
  RNCPicker:
    :path: "../node_modules/@react-native-community/picker"
  RNDateTimePicker:
    :path: "../node_modules/@react-native-community/datetimepicker"
  RNGestureHandler:
    :path: "../node_modules/react-native-gesture-handler"
  RNPermissions:
    :path: "../node_modules/react-native-permissions"
  RNReanimated:
    :path: "../node_modules/react-native-reanimated"
  RNScreens:
    :path: "../node_modules/react-native-screens"
  RNSVG:
    :path: "../node_modules/react-native-svg"
  RNVectorIcons:
    :path: "../node_modules/react-native-vector-icons"
  toolbar-android:
    :path: "../node_modules/@react-native-community/toolbar-android"
  Yoga:
    :path: "../node_modules/react-native/ReactCommon/yoga"

SPEC CHECKSUMS:
  boost-for-react-native: 39c7adb57c4e60d6c5479dd8623128eb5b3f0f2c
  DoubleConversion: cde416483dac037923206447da6e1454df403714
  FBLazyVector: 6f1045c66f816849b33c4ff28930b611e89059a0
  FBReactNativeSpec: e856d5103d749483f86f53afafd8df4ed8a776bd
  Folly: b73c3869541e86821df3c387eb0af5f65addfab4
  glog: 40a13f7840415b9a77023fbcae0f1e6f43192af3
  Google-Maps-iOS-Utils: c32891ff472eaaa1fca032beedafa1a013af7875
  GoogleMaps: 32ca02de09de357a10ac773f2c70f1986751392d
  Permission-Camera: df27a639d7891ea78a224101c5913a2bd9eb418c
  Permission-LocationWhenInUse: 5b6d6f65f28ff886fb98d6008d23a3c7f5265823
  Permission-Microphone: b7d3473413954a6f4a86dfc86d491350ecea8dd5
  Permission-Notifications: 18976870b05c334b133b1b953fd0ed48ffd98cc9
  Permission-PhotoLibrary: a0712e750782edc99eb0869f8d116df1beafe213
  RCTRequired: e46bb77db03887b3e200d34b08515c804669db99
  RCTTypeSafety: 270fed6675c42f80fb87b47d626ef3cede1505e6
  React: e008906ff1328f9bccb345ff4f7826397ad223fc
  React-callinvoker: f547824e0a626f4bce516ee65f548004b0784e7e
  React-Core: 1c28d2ecde60ded3fe42d8db4f684afb8709757b
  React-CoreModules: 8e6139e59f5347e2cf3ceb63e4532fb5b4b39a2d
  React-cxxreact: 98fef06e1ca59eb075ef5bc4c6f256d5c6840936
  React-jsi: 254710f3a97e587427bfbf3011dacec2af66a1fc
  React-jsiexecutor: 0e0cb4e170ca72d4bb1179843d08dcbea3d100ac
  React-jsinspector: fc661eff8edbfb7e22119382c13f33bcadde0f3c
  react-native-camera: 5c1fbfecf63b802b8ca4a71c60d30a71550fb348
  react-native-geolocation: cbd9d6bd06bac411eed2671810f454d4908484a8
  react-native-google-maps: 0a989abda71059db2caa98b9dacca7a8f38a47d0
  react-native-image-picker: 32d1ad2c0024ca36161ae0d5c2117e2d6c441f11
  react-native-maps: f4b89da81626ad7f151a8bfcb79733295d31ce5c
  react-native-safe-area-context: 8260e5157617df4b72865f44006797f895b2ada7
  React-RCTActionSheet: aadd91a1d6cbfae50dd41f140004f816e9e47ade
  React-RCTAnimation: 7fa2ef6c0ef1e3f0b7d2261c827ec94412deb5e6
  React-RCTBlob: ccbbc70295aee3a76a70323b48f63fb7a7fcffd6
  React-RCTImage: d94eb3080b37a4527ade4dd5f9f1289b7ba68089
  React-RCTLinking: ddd2a1ddb699bade352d4747d5652f4c425c747a
  React-RCTNetwork: 4590b11cc6e99eb01a48f1c03bcadfb8b792d005
  React-RCTSettings: 9197a492268a088c5213ef8a08cfc60b7a141369
  React-RCTText: ba503bf4cce41881ca258ba789c33e017955efdd
  React-RCTVibration: 77ab1cf4a5eb854b88ad5ed3e9d8509ed124525e
  ReactCommon: f63556ee9e41e9802257228237e5e660451a03cf
  RNCAsyncStorage: 3eea36d9460c5159b592f9ecbe5a77f8aca98006
  RNCMaskedView: f5c7d14d6847b7b44853f7acb6284c1da30a3459
  RNCPicker: a724b3aa22b182697c190a8fd7b060b66119e136
  RNDateTimePicker: dc9dab744823a2c734dbc7362cdf57a3adba3c43
  RNGestureHandler: 7a5833d0f788dbd107fbb913e09aa0c1ff333c39
  RNPermissions: 0819badb1d289f9497e7c5535c2e050d9f62a89d
  RNReanimated: dd8c286ab5dd4ba36d3a7fef8bff7e08711b5476
  RNScreens: 0e91da98ab26d5d04c7b59a9b6bd694124caf88c
  RNSVG: ce9d996113475209013317e48b05c21ee988d42e
  RNVectorIcons: bc69e6a278b14842063605de32bec61f0b251a59
  toolbar-android: 404f4450b203597e7b417f714ff417bed562a1be
  Yoga: 7d2edc5b410474191962e6dee88ee67f9b328b6b

PODFILE CHECKSUM: e4ca9dc9dcc528f214b772c659373c0233cb26be

COCOAPODS: 1.9.1
